
Microsoft Visual Studio Solution File, Format Version 12.00
# Visual Studio 15
VisualStudioVersion = 15.0.26730.16
MinimumVisualStudioVersion = 10.0.40219.1
Project("{8BC9CEB8-8B4A-11D0-8D11-00A0C91BC942}") = "RTEngine", "RTEngine\RTEngine.vcxproj", "{7A47D688-4E4E-428C-B10C-A06AC0BE2BC9}"
EndProject
Project("{8BC9CEB8-8B4A-11D0-8D11-00A0C91BC942}") = "RTEngineCPU", "RTEngineCPU\RTEngineCPU.vcxproj", "{144171B6-2013-4EAB-8FE3-9B7B891045E5}"
EndProject
Project("{8BC9CEB8-8B4A-11D0-8D11-00A0C91BC942}") = "JsonParser", "JsonParser\JsonParser.vcxproj", "{2DBC5796-CE34-44C2-BF8C-0A21341F613A}"
EndProject
Project("{9A19103F-16F7-4668-BE54-9A1E7A4F7556}") = "RTMeld", "RTMeld\RTMeld.csproj", "{67C4DA79-8C99-4F6D-AFF0-BE7D88B12F55}"
EndProject
Project("{9A19103F-16F7-4668-BE54-9A1E7A4F7556}") = "RTDataAccess", "RTDataAccess\RTDataAccess.csproj", "{42C1115C-8EC3-451D-AEB6-BFD10B6839F6}"
EndProject
Project("{9A19103F-16F7-4668-BE54-9A1E7A4F7556}") = "RTDataAccess.Test", "RTDataAccess.Test\RTDataAccess.Test.csproj", "{D3A993F9-10F2-4DE6-9B2A-62D298C5FF5A}"
EndProject
Project("{9A19103F-16F7-4668-BE54-9A1E7A4F7556}") = "RTMapper", "RTMapper\RTMapper.csproj", "{E681C321-E861-4BE7-95D4-461DF500A5AA}"
EndProject
Project("{FAE04EC0-301F-11D3-BF4B-00C04F79EFBC}") = "RTServices", "RTServices\RTServices.csproj", "{C4304FFB-F932-492E-B08E-E3DC57EB2615}"
EndProject
Project("{FAE04EC0-301F-11D3-BF4B-00C04F79EFBC}") = "RTContainer", "RTContainer\RTContainer.csproj", "{904A67BD-87C4-4DA3-84E6-3FFBE7E941CC}"
EndProject
Project("{FAE04EC0-301F-11D3-BF4B-00C04F79EFBC}") = "RTDataAccess.SqlAzure", "RTDataAccess.SqlAzure\RTDataAccess.SqlAzure.csproj", "{E874C800-9425-4A02-A300-E5156014FCC1}"
EndProject
Project("{FAE04EC0-301F-11D3-BF4B-00C04F79EFBC}") = "RTDataAccess.CosmosDB", "RTDataAccess.CosmosDB\RTDataAccess.CosmosDB.csproj", "{B31DEA68-7296-4DD2-B958-78635960F9DB}"
EndProject
Global
	GlobalSection(SolutionConfigurationPlatforms) = preSolution
		Debug|Any CPU = Debug|Any CPU
		Debug|ARM = Debug|ARM
		Debug|x64 = Debug|x64
		Debug|x86 = Debug|x86
		Release|Any CPU = Release|Any CPU
		Release|ARM = Release|ARM
		Release|x64 = Release|x64
		Release|x86 = Release|x86
	EndGlobalSection
	GlobalSection(ProjectConfigurationPlatforms) = postSolution
		{7A47D688-4E4E-428C-B10C-A06AC0BE2BC9}.Debug|Any CPU.ActiveCfg = Debug|Win32
		{7A47D688-4E4E-428C-B10C-A06AC0BE2BC9}.Debug|ARM.ActiveCfg = Debug|Win32
		{7A47D688-4E4E-428C-B10C-A06AC0BE2BC9}.Debug|x64.ActiveCfg = Debug|x64
		{7A47D688-4E4E-428C-B10C-A06AC0BE2BC9}.Debug|x64.Build.0 = Debug|x64
		{7A47D688-4E4E-428C-B10C-A06AC0BE2BC9}.Debug|x86.ActiveCfg = Debug|Win32
		{7A47D688-4E4E-428C-B10C-A06AC0BE2BC9}.Debug|x86.Build.0 = Debug|Win32
		{7A47D688-4E4E-428C-B10C-A06AC0BE2BC9}.Release|Any CPU.ActiveCfg = Release|Win32
		{7A47D688-4E4E-428C-B10C-A06AC0BE2BC9}.Release|ARM.ActiveCfg = Release|Win32
		{7A47D688-4E4E-428C-B10C-A06AC0BE2BC9}.Release|x64.ActiveCfg = Release|x64
		{7A47D688-4E4E-428C-B10C-A06AC0BE2BC9}.Release|x64.Build.0 = Release|x64
		{7A47D688-4E4E-428C-B10C-A06AC0BE2BC9}.Release|x86.ActiveCfg = Release|Win32
		{7A47D688-4E4E-428C-B10C-A06AC0BE2BC9}.Release|x86.Build.0 = Release|Win32
		{144171B6-2013-4EAB-8FE3-9B7B891045E5}.Debug|Any CPU.ActiveCfg = Debug|Win32
		{144171B6-2013-4EAB-8FE3-9B7B891045E5}.Debug|ARM.ActiveCfg = Debug|Win32
		{144171B6-2013-4EAB-8FE3-9B7B891045E5}.Debug|x64.ActiveCfg = Debug|x64
		{144171B6-2013-4EAB-8FE3-9B7B891045E5}.Debug|x64.Build.0 = Debug|x64
		{144171B6-2013-4EAB-8FE3-9B7B891045E5}.Debug|x86.ActiveCfg = Debug|Win32
		{144171B6-2013-4EAB-8FE3-9B7B891045E5}.Debug|x86.Build.0 = Debug|Win32
		{144171B6-2013-4EAB-8FE3-9B7B891045E5}.Release|Any CPU.ActiveCfg = Release|Win32
		{144171B6-2013-4EAB-8FE3-9B7B891045E5}.Release|ARM.ActiveCfg = Release|Win32
		{144171B6-2013-4EAB-8FE3-9B7B891045E5}.Release|x64.ActiveCfg = Release|x64
		{144171B6-2013-4EAB-8FE3-9B7B891045E5}.Release|x64.Build.0 = Release|x64
		{144171B6-2013-4EAB-8FE3-9B7B891045E5}.Release|x86.ActiveCfg = Release|Win32
		{144171B6-2013-4EAB-8FE3-9B7B891045E5}.Release|x86.Build.0 = Release|Win32
		{2DBC5796-CE34-44C2-BF8C-0A21341F613A}.Debug|Any CPU.ActiveCfg = Debug|Win32
		{2DBC5796-CE34-44C2-BF8C-0A21341F613A}.Debug|ARM.ActiveCfg = Debug|Win32
		{2DBC5796-CE34-44C2-BF8C-0A21341F613A}.Debug|x64.ActiveCfg = Debug|x64
		{2DBC5796-CE34-44C2-BF8C-0A21341F613A}.Debug|x64.Build.0 = Debug|x64
		{2DBC5796-CE34-44C2-BF8C-0A21341F613A}.Debug|x86.ActiveCfg = Debug|Win32
		{2DBC5796-CE34-44C2-BF8C-0A21341F613A}.Debug|x86.Build.0 = Debug|Win32
		{2DBC5796-CE34-44C2-BF8C-0A21341F613A}.Release|Any CPU.ActiveCfg = Release|Win32
		{2DBC5796-CE34-44C2-BF8C-0A21341F613A}.Release|ARM.ActiveCfg = Release|Win32
		{2DBC5796-CE34-44C2-BF8C-0A21341F613A}.Release|x64.ActiveCfg = Release|x64
		{2DBC5796-CE34-44C2-BF8C-0A21341F613A}.Release|x64.Build.0 = Release|x64
		{2DBC5796-CE34-44C2-BF8C-0A21341F613A}.Release|x86.ActiveCfg = Release|Win32
		{2DBC5796-CE34-44C2-BF8C-0A21341F613A}.Release|x86.Build.0 = Release|Win32
		{67C4DA79-8C99-4F6D-AFF0-BE7D88B12F55}.Debug|Any CPU.ActiveCfg = Debug|Any CPU
		{67C4DA79-8C99-4F6D-AFF0-BE7D88B12F55}.Debug|Any CPU.Build.0 = Debug|Any CPU
		{67C4DA79-8C99-4F6D-AFF0-BE7D88B12F55}.Debug|ARM.ActiveCfg = Debug|Any CPU
		{67C4DA79-8C99-4F6D-AFF0-BE7D88B12F55}.Debug|ARM.Build.0 = Debug|Any CPU
		{67C4DA79-8C99-4F6D-AFF0-BE7D88B12F55}.Debug|x64.ActiveCfg = Debug|Any CPU
		{67C4DA79-8C99-4F6D-AFF0-BE7D88B12F55}.Debug|x64.Build.0 = Debug|Any CPU
		{67C4DA79-8C99-4F6D-AFF0-BE7D88B12F55}.Debug|x86.ActiveCfg = Debug|Any CPU
		{67C4DA79-8C99-4F6D-AFF0-BE7D88B12F55}.Debug|x86.Build.0 = Debug|Any CPU
		{67C4DA79-8C99-4F6D-AFF0-BE7D88B12F55}.Release|Any CPU.ActiveCfg = Release|Any CPU
		{67C4DA79-8C99-4F6D-AFF0-BE7D88B12F55}.Release|Any CPU.Build.0 = Release|Any CPU
		{67C4DA79-8C99-4F6D-AFF0-BE7D88B12F55}.Release|ARM.ActiveCfg = Release|Any CPU
		{67C4DA79-8C99-4F6D-AFF0-BE7D88B12F55}.Release|ARM.Build.0 = Release|Any CPU
		{67C4DA79-8C99-4F6D-AFF0-BE7D88B12F55}.Release|x64.ActiveCfg = Release|Any CPU
		{67C4DA79-8C99-4F6D-AFF0-BE7D88B12F55}.Release|x64.Build.0 = Release|Any CPU
		{67C4DA79-8C99-4F6D-AFF0-BE7D88B12F55}.Release|x86.ActiveCfg = Release|Any CPU
		{67C4DA79-8C99-4F6D-AFF0-BE7D88B12F55}.Release|x86.Build.0 = Release|Any CPU
		{42C1115C-8EC3-451D-AEB6-BFD10B6839F6}.Debug|Any CPU.ActiveCfg = Debug|Any CPU
		{42C1115C-8EC3-451D-AEB6-BFD10B6839F6}.Debug|Any CPU.Build.0 = Debug|Any CPU
		{42C1115C-8EC3-451D-AEB6-BFD10B6839F6}.Debug|ARM.ActiveCfg = Debug|Any CPU
		{42C1115C-8EC3-451D-AEB6-BFD10B6839F6}.Debug|ARM.Build.0 = Debug|Any CPU
		{42C1115C-8EC3-451D-AEB6-BFD10B6839F6}.Debug|x64.ActiveCfg = Debug|Any CPU
		{42C1115C-8EC3-451D-AEB6-BFD10B6839F6}.Debug|x64.Build.0 = Debug|Any CPU
		{42C1115C-8EC3-451D-AEB6-BFD10B6839F6}.Debug|x86.ActiveCfg = Debug|Any CPU
		{42C1115C-8EC3-451D-AEB6-BFD10B6839F6}.Debug|x86.Build.0 = Debug|Any CPU
		{42C1115C-8EC3-451D-AEB6-BFD10B6839F6}.Release|Any CPU.ActiveCfg = Release|Any CPU
		{42C1115C-8EC3-451D-AEB6-BFD10B6839F6}.Release|Any CPU.Build.0 = Release|Any CPU
		{42C1115C-8EC3-451D-AEB6-BFD10B6839F6}.Release|ARM.ActiveCfg = Release|Any CPU
		{42C1115C-8EC3-451D-AEB6-BFD10B6839F6}.Release|ARM.Build.0 = Release|Any CPU
		{42C1115C-8EC3-451D-AEB6-BFD10B6839F6}.Release|x64.ActiveCfg = Release|Any CPU
		{42C1115C-8EC3-451D-AEB6-BFD10B6839F6}.Release|x64.Build.0 = Release|Any CPU
		{42C1115C-8EC3-451D-AEB6-BFD10B6839F6}.Release|x86.ActiveCfg = Release|Any CPU
		{42C1115C-8EC3-451D-AEB6-BFD10B6839F6}.Release|x86.Build.0 = Release|Any CPU
		{D3A993F9-10F2-4DE6-9B2A-62D298C5FF5A}.Debug|Any CPU.ActiveCfg = Debug|Any CPU
		{D3A993F9-10F2-4DE6-9B2A-62D298C5FF5A}.Debug|Any CPU.Build.0 = Debug|Any CPU
		{D3A993F9-10F2-4DE6-9B2A-62D298C5FF5A}.Debug|ARM.ActiveCfg = Debug|Any CPU
		{D3A993F9-10F2-4DE6-9B2A-62D298C5FF5A}.Debug|ARM.Build.0 = Debug|Any CPU
		{D3A993F9-10F2-4DE6-9B2A-62D298C5FF5A}.Debug|x64.ActiveCfg = Debug|Any CPU
		{D3A993F9-10F2-4DE6-9B2A-62D298C5FF5A}.Debug|x64.Build.0 = Debug|Any CPU
		{D3A993F9-10F2-4DE6-9B2A-62D298C5FF5A}.Debug|x86.ActiveCfg = Debug|Any CPU
		{D3A993F9-10F2-4DE6-9B2A-62D298C5FF5A}.Debug|x86.Build.0 = Debug|Any CPU
		{D3A993F9-10F2-4DE6-9B2A-62D298C5FF5A}.Release|Any CPU.ActiveCfg = Release|Any CPU
		{D3A993F9-10F2-4DE6-9B2A-62D298C5FF5A}.Release|Any CPU.Build.0 = Release|Any CPU
		{D3A993F9-10F2-4DE6-9B2A-62D298C5FF5A}.Release|ARM.ActiveCfg = Release|Any CPU
		{D3A993F9-10F2-4DE6-9B2A-62D298C5FF5A}.Release|ARM.Build.0 = Release|Any CPU
		{D3A993F9-10F2-4DE6-9B2A-62D298C5FF5A}.Release|x64.ActiveCfg = Release|Any CPU
		{D3A993F9-10F2-4DE6-9B2A-62D298C5FF5A}.Release|x64.Build.0 = Release|Any CPU
		{D3A993F9-10F2-4DE6-9B2A-62D298C5FF5A}.Release|x86.ActiveCfg = Release|Any CPU
		{D3A993F9-10F2-4DE6-9B2A-62D298C5FF5A}.Release|x86.Build.0 = Release|Any CPU
		{E681C321-E861-4BE7-95D4-461DF500A5AA}.Debug|Any CPU.ActiveCfg = Debug|Any CPU
		{E681C321-E861-4BE7-95D4-461DF500A5AA}.Debug|Any CPU.Build.0 = Debug|Any CPU
		{E681C321-E861-4BE7-95D4-461DF500A5AA}.Debug|ARM.ActiveCfg = Debug|Any CPU
		{E681C321-E861-4BE7-95D4-461DF500A5AA}.Debug|ARM.Build.0 = Debug|Any CPU
		{E681C321-E861-4BE7-95D4-461DF500A5AA}.Debug|x64.ActiveCfg = Debug|Any CPU
		{E681C321-E861-4BE7-95D4-461DF500A5AA}.Debug|x64.Build.0 = Debug|Any CPU
		{E681C321-E861-4BE7-95D4-461DF500A5AA}.Debug|x86.ActiveCfg = Debug|Any CPU
		{E681C321-E861-4BE7-95D4-461DF500A5AA}.Debug|x86.Build.0 = Debug|Any CPU
		{E681C321-E861-4BE7-95D4-461DF500A5AA}.Release|Any CPU.ActiveCfg = Release|Any CPU
		{E681C321-E861-4BE7-95D4-461DF500A5AA}.Release|Any CPU.Build.0 = Release|Any CPU
		{E681C321-E861-4BE7-95D4-461DF500A5AA}.Release|ARM.ActiveCfg = Release|Any CPU
		{E681C321-E861-4BE7-95D4-461DF500A5AA}.Release|ARM.Build.0 = Release|Any CPU
		{E681C321-E861-4BE7-95D4-461DF500A5AA}.Release|x64.ActiveCfg = Release|Any CPU
		{E681C321-E861-4BE7-95D4-461DF500A5AA}.Release|x64.Build.0 = Release|Any CPU
		{E681C321-E861-4BE7-95D4-461DF500A5AA}.Release|x86.ActiveCfg = Release|Any CPU
		{E681C321-E861-4BE7-95D4-461DF500A5AA}.Release|x86.Build.0 = Release|Any CPU
		{C4304FFB-F932-492E-B08E-E3DC57EB2615}.Debug|Any CPU.ActiveCfg = Debug|Any CPU
		{C4304FFB-F932-492E-B08E-E3DC57EB2615}.Debug|Any CPU.Build.0 = Debug|Any CPU
		{C4304FFB-F932-492E-B08E-E3DC57EB2615}.Debug|ARM.ActiveCfg = Debug|Any CPU
		{C4304FFB-F932-492E-B08E-E3DC57EB2615}.Debug|ARM.Build.0 = Debug|Any CPU
		{C4304FFB-F932-492E-B08E-E3DC57EB2615}.Debug|x64.ActiveCfg = Debug|Any CPU
		{C4304FFB-F932-492E-B08E-E3DC57EB2615}.Debug|x64.Build.0 = Debug|Any CPU
		{C4304FFB-F932-492E-B08E-E3DC57EB2615}.Debug|x86.ActiveCfg = Debug|Any CPU
		{C4304FFB-F932-492E-B08E-E3DC57EB2615}.Debug|x86.Build.0 = Debug|Any CPU
		{C4304FFB-F932-492E-B08E-E3DC57EB2615}.Release|Any CPU.ActiveCfg = Release|Any CPU
		{C4304FFB-F932-492E-B08E-E3DC57EB2615}.Release|Any CPU.Build.0 = Release|Any CPU
		{C4304FFB-F932-492E-B08E-E3DC57EB2615}.Release|ARM.ActiveCfg = Release|Any CPU
		{C4304FFB-F932-492E-B08E-E3DC57EB2615}.Release|ARM.Build.0 = Release|Any CPU
		{C4304FFB-F932-492E-B08E-E3DC57EB2615}.Release|x64.ActiveCfg = Release|Any CPU
		{C4304FFB-F932-492E-B08E-E3DC57EB2615}.Release|x64.Build.0 = Release|Any CPU
		{C4304FFB-F932-492E-B08E-E3DC57EB2615}.Release|x86.ActiveCfg = Release|Any CPU
		{C4304FFB-F932-492E-B08E-E3DC57EB2615}.Release|x86.Build.0 = Release|Any CPU
		{904A67BD-87C4-4DA3-84E6-3FFBE7E941CC}.Debug|Any CPU.ActiveCfg = Debug|Any CPU
		{904A67BD-87C4-4DA3-84E6-3FFBE7E941CC}.Debug|Any CPU.Build.0 = Debug|Any CPU
		{904A67BD-87C4-4DA3-84E6-3FFBE7E941CC}.Debug|ARM.ActiveCfg = Debug|Any CPU
		{904A67BD-87C4-4DA3-84E6-3FFBE7E941CC}.Debug|ARM.Build.0 = Debug|Any CPU
		{904A67BD-87C4-4DA3-84E6-3FFBE7E941CC}.Debug|x64.ActiveCfg = Debug|Any CPU
		{904A67BD-87C4-4DA3-84E6-3FFBE7E941CC}.Debug|x64.Build.0 = Debug|Any CPU
		{904A67BD-87C4-4DA3-84E6-3FFBE7E941CC}.Debug|x86.ActiveCfg = Debug|Any CPU
		{904A67BD-87C4-4DA3-84E6-3FFBE7E941CC}.Debug|x86.Build.0 = Debug|Any CPU
		{904A67BD-87C4-4DA3-84E6-3FFBE7E941CC}.Release|Any CPU.ActiveCfg = Release|Any CPU
		{904A67BD-87C4-4DA3-84E6-3FFBE7E941CC}.Release|Any CPU.Build.0 = Release|Any CPU
		{904A67BD-87C4-4DA3-84E6-3FFBE7E941CC}.Release|ARM.ActiveCfg = Release|Any CPU
		{904A67BD-87C4-4DA3-84E6-3FFBE7E941CC}.Release|ARM.Build.0 = Release|Any CPU
		{904A67BD-87C4-4DA3-84E6-3FFBE7E941CC}.Release|x64.ActiveCfg = Release|Any CPU
		{904A67BD-87C4-4DA3-84E6-3FFBE7E941CC}.Release|x64.Build.0 = Release|Any CPU
		{904A67BD-87C4-4DA3-84E6-3FFBE7E941CC}.Release|x86.ActiveCfg = Release|Any CPU
		{904A67BD-87C4-4DA3-84E6-3FFBE7E941CC}.Release|x86.Build.0 = Release|Any CPU
		{E874C800-9425-4A02-A300-E5156014FCC1}.Debug|Any CPU.ActiveCfg = Debug|Any CPU
		{E874C800-9425-4A02-A300-E5156014FCC1}.Debug|Any CPU.Build.0 = Debug|Any CPU
		{E874C800-9425-4A02-A300-E5156014FCC1}.Debug|ARM.ActiveCfg = Debug|Any CPU
		{E874C800-9425-4A02-A300-E5156014FCC1}.Debug|ARM.Build.0 = Debug|Any CPU
		{E874C800-9425-4A02-A300-E5156014FCC1}.Debug|x64.ActiveCfg = Debug|Any CPU
		{E874C800-9425-4A02-A300-E5156014FCC1}.Debug|x64.Build.0 = Debug|Any CPU
		{E874C800-9425-4A02-A300-E5156014FCC1}.Debug|x86.ActiveCfg = Debug|Any CPU
		{E874C800-9425-4A02-A300-E5156014FCC1}.Debug|x86.Build.0 = Debug|Any CPU
		{E874C800-9425-4A02-A300-E5156014FCC1}.Release|Any CPU.ActiveCfg = Release|Any CPU
		{E874C800-9425-4A02-A300-E5156014FCC1}.Release|Any CPU.Build.0 = Release|Any CPU
		{E874C800-9425-4A02-A300-E5156014FCC1}.Release|ARM.ActiveCfg = Release|Any CPU
		{E874C800-9425-4A02-A300-E5156014FCC1}.Release|ARM.Build.0 = Release|Any CPU
		{E874C800-9425-4A02-A300-E5156014FCC1}.Release|x64.ActiveCfg = Release|Any CPU
		{E874C800-9425-4A02-A300-E5156014FCC1}.Release|x64.Build.0 = Release|Any CPU
		{E874C800-9425-4A02-A300-E5156014FCC1}.Release|x86.ActiveCfg = Release|Any CPU
		{E874C800-9425-4A02-A300-E5156014FCC1}.Release|x86.Build.0 = Release|Any CPU
		{B31DEA68-7296-4DD2-B958-78635960F9DB}.Debug|Any CPU.ActiveCfg = Debug|Any CPU
		{B31DEA68-7296-4DD2-B958-78635960F9DB}.Debug|Any CPU.Build.0 = Debug|Any CPU
		{B31DEA68-7296-4DD2-B958-78635960F9DB}.Debug|ARM.ActiveCfg = Debug|Any CPU
		{B31DEA68-7296-4DD2-B958-78635960F9DB}.Debug|ARM.Build.0 = Debug|Any CPU
		{B31DEA68-7296-4DD2-B958-78635960F9DB}.Debug|x64.ActiveCfg = Debug|Any CPU
		{B31DEA68-7296-4DD2-B958-78635960F9DB}.Debug|x64.Build.0 = Debug|Any CPU
		{B31DEA68-7296-4DD2-B958-78635960F9DB}.Debug|x86.ActiveCfg = Debug|Any CPU
		{B31DEA68-7296-4DD2-B958-78635960F9DB}.Debug|x86.Build.0 = Debug|Any CPU
		{B31DEA68-7296-4DD2-B958-78635960F9DB}.Release|Any CPU.ActiveCfg = Release|Any CPU
		{B31DEA68-7296-4DD2-B958-78635960F9DB}.Release|Any CPU.Build.0 = Release|Any CPU
		{B31DEA68-7296-4DD2-B958-78635960F9DB}.Release|ARM.ActiveCfg = Release|Any CPU
		{B31DEA68-7296-4DD2-B958-78635960F9DB}.Release|ARM.Build.0 = Release|Any CPU
		{B31DEA68-7296-4DD2-B958-78635960F9DB}.Release|x64.ActiveCfg = Release|Any CPU
		{B31DEA68-7296-4DD2-B958-78635960F9DB}.Release|x64.Build.0 = Release|Any CPU
		{B31DEA68-7296-4DD2-B958-78635960F9DB}.Release|x86.ActiveCfg = Release|Any CPU
		{B31DEA68-7296-4DD2-B958-78635960F9DB}.Release|x86.Build.0 = Release|Any CPU
	EndGlobalSection
	GlobalSection(SolutionProperties) = preSolution
		HideSolutionNode = FALSE
	EndGlobalSection
	GlobalSection(ExtensibilityGlobals) = postSolution
		SolutionGuid = {CF05A85B-DD57-446D-AFF4-88DC5D7349E3}
	EndGlobalSection
EndGlobal
